<?xml version="1.0" encoding="UTF-8"?><?xml version="1.0" encoding="UTF-8"?>

<Scheme<Scheme

   LastUpgradeVersion = "1540"   LastUpgradeVersion = "1540"

   version = "1.7">   version = "1.7">

   <BuildAction   <BuildAction

      parallelizeBuildables = "YES"      parallelizeBuildables = "YES"

      buildImplicitDependencies = "YES"      buildImplicitDependencies = "YES">

      runPostActionsOnFailure = "NO">      <BuildActionEntries>

      <BuildActionEntries>         <BuildActionEntry

         <BuildActionEntry            buildForTesting = "YES"

            buildForTesting = "YES"            buildForRunning = "YES"

            buildForRunning = "YES"            buildForProfiling = "YES"

            buildForProfiling = "YES"            buildForArchiving = "YES"

            buildForArchiving = "YES"            buildForAnalyzing = "YES">

            buildForAnalyzing = "YES">            <BuildableReference

            <BuildableReference               BuildableIdentifier = "primary"

               BuildableIdentifier = "primary"               BlueprintIdentifier = "T10001"

               BlueprintIdentifier = "7A8B9C0D1E2F3A4B5C6D7E8F"               BuildableName = "CampusConnect.app"

               BuildableName = "CampusConnect.app"               BlueprintName = "CampusConnect"

               BlueprintName = "CampusConnect"               ReferencedContainer = "container:CampusConnect.xcodeproj">

               ReferencedContainer = "container:CampusConnect.xcodeproj">            </BuildableReference>

            </BuildableReference>         </BuildActionEntry>

         </BuildActionEntry>      </BuildActionEntries>

      </BuildActionEntries>   </BuildAction>

   </BuildAction>   <TestAction

   <TestAction      buildConfiguration = "Debug"

      buildConfiguration = "Debug"      selectedDebuggerIdentifier = "Xcode.DebuggerFoundation.Debugger.LLDB"

      selectedDebuggerIdentifier = "Xcode.DebuggerFoundation.Debugger.LLDB"      selectedLauncherIdentifier = "Xcode.DebuggerFoundation.Launcher.LLDB"

      selectedLauncherIdentifier = "Xcode.DebuggerFoundation.Launcher.LLDB"      shouldUseLaunchSchemeArgsEnv = "YES"

      shouldUseLaunchSchemeArgsEnv = "YES"      shouldAutocreateTestPlan = "YES">

      shouldAutocreateTestPlan = "YES">   </TestAction>

   </TestAction>   <LaunchAction

   <LaunchAction      buildConfiguration = "Debug"

      buildConfiguration = "Debug"      selectedDebuggerIdentifier = "Xcode.DebuggerFoundation.Debugger.LLDB"

      selectedDebuggerIdentifier = "Xcode.DebuggerFoundation.Debugger.LLDB"      selectedLauncherIdentifier = "Xcode.DebuggerFoundation.Launcher.LLDB"

      selectedLauncherIdentifier = "Xcode.DebuggerFoundation.Launcher.LLDB"      launchStyle = "0"

      launchStyle = "0"      useCustomWorkingDirectory = "NO"

      useCustomWorkingDirectory = "NO"      ignoresPersistentStateOnLaunch = "NO"

      ignoresPersistentStateOnLaunch = "NO"      debugDocumentVersioning = "YES"

      debugDocumentVersioning = "YES"      debugServiceExtension = "internal"

      debugServiceExtension = "internal"      allowLocationSimulation = "YES">

      allowLocationSimulation = "YES">      <BuildableProductRunnable

      <BuildableProductRunnable         runnableDebuggingMode = "0">

         runnableDebuggingMode = "0">         <BuildableReference

         <BuildableReference            BuildableIdentifier = "primary"

            BuildableIdentifier = "primary"            BlueprintIdentifier = "T10001"

            BlueprintIdentifier = "7A8B9C0D1E2F3A4B5C6D7E8F"            BuildableName = "CampusConnect.app"

            BuildableName = "CampusConnect.app"            BlueprintName = "CampusConnect"

            BlueprintName = "CampusConnect"            ReferencedContainer = "container:CampusConnect.xcodeproj">

            ReferencedContainer = "container:CampusConnect.xcodeproj">         </BuildableReference>

         </BuildableReference>      </BuildableProductRunnable>

      </BuildableProductRunnable>   </LaunchAction>

   </LaunchAction>   <ProfileAction

   <ProfileAction      buildConfiguration = "Release"

      buildConfiguration = "Release"      shouldUseLaunchSchemeArgsEnv = "YES"

      shouldUseLaunchSchemeArgsEnv = "YES"      savedToolIdentifier = ""

      savedToolIdentifier = ""      useCustomWorkingDirectory = "NO"

      useCustomWorkingDirectory = "NO"      debugDocumentVersioning = "YES">

      debugDocumentVersioning = "YES">      <BuildableProductRunnable

      <BuildableProductRunnable         runnableDebuggingMode = "0">

         runnableDebuggingMode = "0">         <BuildableReference

         <BuildableReference            BuildableIdentifier = "primary"

            BuildableIdentifier = "primary"            BlueprintIdentifier = "T10001"

            BlueprintIdentifier = "7A8B9C0D1E2F3A4B5C6D7E8F"            BuildableName = "CampusConnect.app"

            BuildableName = "CampusConnect.app"            BlueprintName = "CampusConnect"

            BlueprintName = "CampusConnect"            ReferencedContainer = "container:CampusConnect.xcodeproj">

            ReferencedContainer = "container:CampusConnect.xcodeproj">         </BuildableReference>

         </BuildableReference>      </BuildableProductRunnable>

      </BuildableProductRunnable>   </ProfileAction>

   </ProfileAction>   <AnalyzeAction

   <AnalyzeAction      buildConfiguration = "Debug">

      buildConfiguration = "Debug">   </AnalyzeAction>

   </AnalyzeAction>   <ArchiveAction

   <ArchiveAction      buildConfiguration = "Release"

      buildConfiguration = "Release"      revealArchiveInOrganizer = "YES">

      revealArchiveInOrganizer = "YES">   </ArchiveAction>

   </ArchiveAction></Scheme>

</Scheme>
